// !$*UTF8*$!
{
	archiveVersion = 1;
	classes = {
	};
	objectVersion = 52;
	objects = {

/* Begin PBXBuildFile section */
		23249CCF219CE0620088DBA7 /* GistDetailViewController.swift in Sources */ = {isa = PBXBuildFile; fileRef = 23249CCE219CE0620088DBA7 /* GistDetailViewController.swift */; };
		23249CDD219CEBBA0088DBA7 /* Gist.swift in Sources */ = {isa = PBXBuildFile; fileRef = 23249CDC219CEBBA0088DBA7 /* Gist.swift */; };
		23249CE1219CF9BB0088DBA7 /* User.swift in Sources */ = {isa = PBXBuildFile; fileRef = 23249CE0219CF9BB0088DBA7 /* User.swift */; };
		2355C5C721A4C7F000DB0E72 /* NotificationMessageView.swift in Sources */ = {isa = PBXBuildFile; fileRef = 2355C5C621A4C7F000DB0E72 /* NotificationMessageView.swift */; };
		2362A41221A1DE4F00B6C383 /* File.swift in Sources */ = {isa = PBXBuildFile; fileRef = 2362A41121A1DE4F00B6C383 /* File.swift */; };
		2362A41821A3737300B6C383 /* GistListNavigator.swift in Sources */ = {isa = PBXBuildFile; fileRef = 2362A41721A3737300B6C383 /* GistListNavigator.swift */; };
		2362A41A21A375D900B6C383 /* GistListViewController+UITableViewDelegate.swift in Sources */ = {isa = PBXBuildFile; fileRef = 2362A41921A375D900B6C383 /* GistListViewController+UITableViewDelegate.swift */; };
		2362A41F21A381AD00B6C383 /* LoadingView.swift in Sources */ = {isa = PBXBuildFile; fileRef = 2362A41E21A381AD00B6C383 /* LoadingView.swift */; };
		2362A42121A393BB00B6C383 /* UIColor+hex.swift in Sources */ = {isa = PBXBuildFile; fileRef = 2362A42021A393BB00B6C383 /* UIColor+hex.swift */; };
		238AA13921A61ECA00F55D84 /* GistRepository.swift in Sources */ = {isa = PBXBuildFile; fileRef = 238AA13821A61ECA00F55D84 /* GistRepository.swift */; };
		23ADDE05219B89E90012635A /* AppDelegate.swift in Sources */ = {isa = PBXBuildFile; fileRef = 23ADDE04219B89E90012635A /* AppDelegate.swift */; };
		23ADDE07219B89E90012635A /* GistListViewController.swift in Sources */ = {isa = PBXBuildFile; fileRef = 23ADDE06219B89E90012635A /* GistListViewController.swift */; };
		23ADDE0F219B89F20012635A /* LaunchScreen.storyboard in Resources */ = {isa = PBXBuildFile; fileRef = 23ADDE0D219B89F20012635A /* LaunchScreen.storyboard */; };
		23B3D30F219E31B100A37367 /* GistListView.swift in Sources */ = {isa = PBXBuildFile; fileRef = 23B3D30E219E31B100A37367 /* GistListView.swift */; };
		23B3D311219E3B1A00A37367 /* GistListTableViewDataSource.swift in Sources */ = {isa = PBXBuildFile; fileRef = 23B3D310219E3B1A00A37367 /* GistListTableViewDataSource.swift */; };
		23D5C066219F51D300574650 /* GistListItemCell.swift in Sources */ = {isa = PBXBuildFile; fileRef = 23D5C065219F51D300574650 /* GistListItemCell.swift */; };
		AD17CDF327E412B200E0D092 /* AppTheme+Color.swift in Sources */ = {isa = PBXBuildFile; fileRef = AD17CDF227E412B200E0D092 /* AppTheme+Color.swift */; };
		AD17CDF527E412BE00E0D092 /* AppTheme+Font.swift in Sources */ = {isa = PBXBuildFile; fileRef = AD17CDF427E412BE00E0D092 /* AppTheme+Font.swift */; };
		AD3E750E27E9191800B6D383 /* GetGistsUseCase.swift in Sources */ = {isa = PBXBuildFile; fileRef = AD3E750D27E9191800B6D383 /* GetGistsUseCase.swift */; };
		AD3E751027E9198B00B6D383 /* GistsRepositoryAdapter.swift in Sources */ = {isa = PBXBuildFile; fileRef = AD3E750F27E9198B00B6D383 /* GistsRepositoryAdapter.swift */; };
		AD3E752427E91D6900B6D383 /* MockGistsRepository.swift in Sources */ = {isa = PBXBuildFile; fileRef = AD3E752327E91D6900B6D383 /* MockGistsRepository.swift */; };
		AD3E752927E9516600B6D383 /* GistEntity.swift in Sources */ = {isa = PBXBuildFile; fileRef = AD3E752827E9516600B6D383 /* GistEntity.swift */; };
		AD3E752B27E9517100B6D383 /* UserEntity.swift in Sources */ = {isa = PBXBuildFile; fileRef = AD3E752A27E9517100B6D383 /* UserEntity.swift */; };
		AD3E752D27E9518100B6D383 /* FileEntiy.swift in Sources */ = {isa = PBXBuildFile; fileRef = AD3E752C27E9518100B6D383 /* FileEntiy.swift */; };
		AD3E753027E95E7E00B6D383 /* GistNetwork.swift in Sources */ = {isa = PBXBuildFile; fileRef = AD3E752F27E95E7E00B6D383 /* GistNetwork.swift */; };
		AD3E753227E95E9200B6D383 /* GistDatabase.swift in Sources */ = {isa = PBXBuildFile; fileRef = AD3E753127E95E9200B6D383 /* GistDatabase.swift */; };
		AD3E753627E95F0C00B6D383 /* DatabaseMigration.swift in Sources */ = {isa = PBXBuildFile; fileRef = AD3E753527E95F0C00B6D383 /* DatabaseMigration.swift */; };
		AD3E753927E95F4300B6D383 /* RealmDatabaseMigration.swift in Sources */ = {isa = PBXBuildFile; fileRef = AD3E753827E95F4300B6D383 /* RealmDatabaseMigration.swift */; };
		AD3E753B27E962CA00B6D383 /* Endpoint.swift in Sources */ = {isa = PBXBuildFile; fileRef = AD3E753A27E962CA00B6D383 /* Endpoint.swift */; };
		AD3E753D27E9654C00B6D383 /* NetworkService.swift in Sources */ = {isa = PBXBuildFile; fileRef = AD3E753C27E9654C00B6D383 /* NetworkService.swift */; };
		AD53E51E27F3D3B20002A7BB /* MockGetGistsUseCase.swift in Sources */ = {isa = PBXBuildFile; fileRef = AD53E51D27F3D3B20002A7BB /* MockGetGistsUseCase.swift */; };
		AD56BFBB27EA952C00CECECB /* GistDTO.swift in Sources */ = {isa = PBXBuildFile; fileRef = AD56BFBA27EA952C00CECECB /* GistDTO.swift */; };
		AD56BFBD27EA967300CECECB /* UserDTO.swift in Sources */ = {isa = PBXBuildFile; fileRef = AD56BFBC27EA967300CECECB /* UserDTO.swift */; };
		AD56BFBF27EA972E00CECECB /* FileDTO.swift in Sources */ = {isa = PBXBuildFile; fileRef = AD56BFBE27EA972E00CECECB /* FileDTO.swift */; };
		AD56BFD427EAB53000CECECB /* RealmGistDatabase.swift in Sources */ = {isa = PBXBuildFile; fileRef = AD56BFD327EAB53000CECECB /* RealmGistDatabase.swift */; };
		AD7B51D727EF7B8C0068CBD1 /* ReuseIdentifiable.swift in Sources */ = {isa = PBXBuildFile; fileRef = AD7B51D627EF7B8C0068CBD1 /* ReuseIdentifiable.swift */; };
		AD7B51D927EF7BAD0068CBD1 /* UITableView+registerCell.swift in Sources */ = {isa = PBXBuildFile; fileRef = AD7B51D827EF7BAD0068CBD1 /* UITableView+registerCell.swift */; };
		AD7B51DB27EF7BD40068CBD1 /* UITableView+reuseCell.swift in Sources */ = {isa = PBXBuildFile; fileRef = AD7B51DA27EF7BD40068CBD1 /* UITableView+reuseCell.swift */; };
		AD7B51E327F12BA90068CBD1 /* GistDetailViewModel.swift in Sources */ = {isa = PBXBuildFile; fileRef = AD7B51E227F12BA90068CBD1 /* GistDetailViewModel.swift */; };
		AD7B51E527F12CCC0068CBD1 /* GistDetailViewModelTests.swift in Sources */ = {isa = PBXBuildFile; fileRef = AD7B51E427F12CCC0068CBD1 /* GistDetailViewModelTests.swift */; };
		AD8D26E427F25DF60093D2D9 /* GistListItemViewModelTests.swift in Sources */ = {isa = PBXBuildFile; fileRef = AD8D26E327F25DF60093D2D9 /* GistListItemViewModelTests.swift */; };
		AD8D26E727F2652D0093D2D9 /* GistListViewModel.swift in Sources */ = {isa = PBXBuildFile; fileRef = AD8D26E627F2652D0093D2D9 /* GistListViewModel.swift */; };
		AD8D26E927F266250093D2D9 /* Observable.swift in Sources */ = {isa = PBXBuildFile; fileRef = AD8D26E827F266250093D2D9 /* Observable.swift */; };
		AD8D26EB27F27CD50093D2D9 /* GistListRoute.swift in Sources */ = {isa = PBXBuildFile; fileRef = AD8D26EA27F27CD50093D2D9 /* GistListRoute.swift */; };
		AD8D26ED27F281450093D2D9 /* GistListViewModelTests.swift in Sources */ = {isa = PBXBuildFile; fileRef = AD8D26EC27F281450093D2D9 /* GistListViewModelTests.swift */; };
		AD8D26EF27F29D6C0093D2D9 /* AppNavigator.swift in Sources */ = {isa = PBXBuildFile; fileRef = AD8D26EE27F29D6C0093D2D9 /* AppNavigator.swift */; };
		AD982F6927E001B900B5CB3A /* Kingfisher in Frameworks */ = {isa = PBXBuildFile; productRef = AD982F6827E001B900B5CB3A /* Kingfisher */; };
		AD982F7227E002F700B5CB3A /* RealmSwift in Frameworks */ = {isa = PBXBuildFile; productRef = AD982F7127E002F700B5CB3A /* RealmSwift */; };
		ADCBB57C27F504AE0054DB9B /* UIColor+light+dark.swift in Sources */ = {isa = PBXBuildFile; fileRef = ADCBB57B27F504AE0054DB9B /* UIColor+light+dark.swift */; };
		ADDF77DF27E2A6C1009CEA46 /* UIImageView+loadImage.swift in Sources */ = {isa = PBXBuildFile; fileRef = ADDF77DE27E2A6C1009CEA46 /* UIImageView+loadImage.swift */; };
		ADDF77E727E2C4C0009CEA46 /* AppTheme.swift in Sources */ = {isa = PBXBuildFile; fileRef = ADDF77E627E2C4C0009CEA46 /* AppTheme.swift */; };
		ADF0278527F137E400723A36 /* GistListItemViewModel.swift in Sources */ = {isa = PBXBuildFile; fileRef = ADF0278427F137E400723A36 /* GistListItemViewModel.swift */; };
/* End PBXBuildFile section */

/* Begin PBXContainerItemProxy section */
		AD3E751927E91C4600B6D383 /* PBXContainerItemProxy */ = {
			isa = PBXContainerItemProxy;
			containerPortal = 23ADDDF9219B89E90012635A /* Project object */;
			proxyType = 1;
			remoteGlobalIDString = 23ADDE00219B89E90012635A;
			remoteInfo = GistClient;
		};
/* End PBXContainerItemProxy section */

/* Begin PBXFileReference section */
		23249CCE219CE0620088DBA7 /* GistDetailViewController.swift */ = {isa = PBXFileReference; lastKnownFileType = sourcecode.swift; path = GistDetailViewController.swift; sourceTree = "<group>"; };
		23249CDC219CEBBA0088DBA7 /* Gist.swift */ = {isa = PBXFileReference; lastKnownFileType = sourcecode.swift; path = Gist.swift; sourceTree = "<group>"; };
		23249CE0219CF9BB0088DBA7 /* User.swift */ = {isa = PBXFileReference; lastKnownFileType = sourcecode.swift; path = User.swift; sourceTree = "<group>"; };
		2355C5C621A4C7F000DB0E72 /* NotificationMessageView.swift */ = {isa = PBXFileReference; lastKnownFileType = sourcecode.swift; path = NotificationMessageView.swift; sourceTree = "<group>"; };
		2362A41121A1DE4F00B6C383 /* File.swift */ = {isa = PBXFileReference; lastKnownFileType = sourcecode.swift; path = File.swift; sourceTree = "<group>"; };
		2362A41721A3737300B6C383 /* GistListNavigator.swift */ = {isa = PBXFileReference; lastKnownFileType = sourcecode.swift; path = GistListNavigator.swift; sourceTree = "<group>"; };
		2362A41921A375D900B6C383 /* GistListViewController+UITableViewDelegate.swift */ = {isa = PBXFileReference; lastKnownFileType = sourcecode.swift; path = "GistListViewController+UITableViewDelegate.swift"; sourceTree = "<group>"; };
		2362A41E21A381AD00B6C383 /* LoadingView.swift */ = {isa = PBXFileReference; lastKnownFileType = sourcecode.swift; path = LoadingView.swift; sourceTree = "<group>"; };
		2362A42021A393BB00B6C383 /* UIColor+hex.swift */ = {isa = PBXFileReference; lastKnownFileType = sourcecode.swift; path = "UIColor+hex.swift"; sourceTree = "<group>"; };
		238AA13821A61ECA00F55D84 /* GistRepository.swift */ = {isa = PBXFileReference; lastKnownFileType = sourcecode.swift; path = GistRepository.swift; sourceTree = "<group>"; };
		23ADDE01219B89E90012635A /* GistClient.app */ = {isa = PBXFileReference; explicitFileType = wrapper.application; includeInIndex = 0; path = GistClient.app; sourceTree = BUILT_PRODUCTS_DIR; };
		23ADDE04219B89E90012635A /* AppDelegate.swift */ = {isa = PBXFileReference; lastKnownFileType = sourcecode.swift; path = AppDelegate.swift; sourceTree = "<group>"; };
		23ADDE06219B89E90012635A /* GistListViewController.swift */ = {isa = PBXFileReference; lastKnownFileType = sourcecode.swift; path = GistListViewController.swift; sourceTree = "<group>"; };
		23ADDE0E219B89F20012635A /* Base */ = {isa = PBXFileReference; lastKnownFileType = file.storyboard; name = Base; path = Base.lproj/LaunchScreen.storyboard; sourceTree = "<group>"; };
		23ADDE10219B89F20012635A /* Info.plist */ = {isa = PBXFileReference; lastKnownFileType = text.plist.xml; path = Info.plist; sourceTree = "<group>"; };
		23B3D30E219E31B100A37367 /* GistListView.swift */ = {isa = PBXFileReference; lastKnownFileType = sourcecode.swift; path = GistListView.swift; sourceTree = "<group>"; };
		23B3D310219E3B1A00A37367 /* GistListTableViewDataSource.swift */ = {isa = PBXFileReference; lastKnownFileType = sourcecode.swift; path = GistListTableViewDataSource.swift; sourceTree = "<group>"; };
		23D5C065219F51D300574650 /* GistListItemCell.swift */ = {isa = PBXFileReference; lastKnownFileType = sourcecode.swift; path = GistListItemCell.swift; sourceTree = "<group>"; };
		AD17CDF227E412B200E0D092 /* AppTheme+Color.swift */ = {isa = PBXFileReference; lastKnownFileType = sourcecode.swift; path = "AppTheme+Color.swift"; sourceTree = "<group>"; };
		AD17CDF427E412BE00E0D092 /* AppTheme+Font.swift */ = {isa = PBXFileReference; lastKnownFileType = sourcecode.swift; path = "AppTheme+Font.swift"; sourceTree = "<group>"; };
		AD3E750D27E9191800B6D383 /* GetGistsUseCase.swift */ = {isa = PBXFileReference; lastKnownFileType = sourcecode.swift; path = GetGistsUseCase.swift; sourceTree = "<group>"; };
		AD3E750F27E9198B00B6D383 /* GistsRepositoryAdapter.swift */ = {isa = PBXFileReference; lastKnownFileType = sourcecode.swift; path = GistsRepositoryAdapter.swift; sourceTree = "<group>"; };
		AD3E751527E91C4600B6D383 /* GistClientTests.xctest */ = {isa = PBXFileReference; explicitFileType = wrapper.cfbundle; includeInIndex = 0; path = GistClientTests.xctest; sourceTree = BUILT_PRODUCTS_DIR; };
		AD3E751F27E91C9800B6D383 /* GetGistsUseCaseTests.swift */ = {isa = PBXFileReference; lastKnownFileType = sourcecode.swift; path = GetGistsUseCaseTests.swift; sourceTree = "<group>"; };
		AD3E752327E91D6900B6D383 /* MockGistsRepository.swift */ = {isa = PBXFileReference; lastKnownFileType = sourcecode.swift; path = MockGistsRepository.swift; sourceTree = "<group>"; };
		AD3E752827E9516600B6D383 /* GistEntity.swift */ = {isa = PBXFileReference; lastKnownFileType = sourcecode.swift; path = GistEntity.swift; sourceTree = "<group>"; };
		AD3E752A27E9517100B6D383 /* UserEntity.swift */ = {isa = PBXFileReference; lastKnownFileType = sourcecode.swift; path = UserEntity.swift; sourceTree = "<group>"; };
		AD3E752C27E9518100B6D383 /* FileEntiy.swift */ = {isa = PBXFileReference; lastKnownFileType = sourcecode.swift; path = FileEntiy.swift; sourceTree = "<group>"; };
		AD3E752F27E95E7E00B6D383 /* GistNetwork.swift */ = {isa = PBXFileReference; lastKnownFileType = sourcecode.swift; path = GistNetwork.swift; sourceTree = "<group>"; };
		AD3E753127E95E9200B6D383 /* GistDatabase.swift */ = {isa = PBXFileReference; lastKnownFileType = sourcecode.swift; path = GistDatabase.swift; sourceTree = "<group>"; };
		AD3E753527E95F0C00B6D383 /* DatabaseMigration.swift */ = {isa = PBXFileReference; lastKnownFileType = sourcecode.swift; path = DatabaseMigration.swift; sourceTree = "<group>"; };
		AD3E753827E95F4300B6D383 /* RealmDatabaseMigration.swift */ = {isa = PBXFileReference; lastKnownFileType = sourcecode.swift; path = RealmDatabaseMigration.swift; sourceTree = "<group>"; };
		AD3E753A27E962CA00B6D383 /* Endpoint.swift */ = {isa = PBXFileReference; lastKnownFileType = sourcecode.swift; path = Endpoint.swift; sourceTree = "<group>"; };
		AD3E753C27E9654C00B6D383 /* NetworkService.swift */ = {isa = PBXFileReference; lastKnownFileType = sourcecode.swift; path = NetworkService.swift; sourceTree = "<group>"; };
		AD53E51D27F3D3B20002A7BB /* MockGetGistsUseCase.swift */ = {isa = PBXFileReference; lastKnownFileType = sourcecode.swift; path = MockGetGistsUseCase.swift; sourceTree = "<group>"; };
		AD56BFBA27EA952C00CECECB /* GistDTO.swift */ = {isa = PBXFileReference; lastKnownFileType = sourcecode.swift; path = GistDTO.swift; sourceTree = "<group>"; };
		AD56BFBC27EA967300CECECB /* UserDTO.swift */ = {isa = PBXFileReference; lastKnownFileType = sourcecode.swift; path = UserDTO.swift; sourceTree = "<group>"; };
		AD56BFBE27EA972E00CECECB /* FileDTO.swift */ = {isa = PBXFileReference; lastKnownFileType = sourcecode.swift; path = FileDTO.swift; sourceTree = "<group>"; };
		AD56BFD327EAB53000CECECB /* RealmGistDatabase.swift */ = {isa = PBXFileReference; lastKnownFileType = sourcecode.swift; path = RealmGistDatabase.swift; sourceTree = "<group>"; };
		AD7B51D627EF7B8C0068CBD1 /* ReuseIdentifiable.swift */ = {isa = PBXFileReference; lastKnownFileType = sourcecode.swift; path = ReuseIdentifiable.swift; sourceTree = "<group>"; };
		AD7B51D827EF7BAD0068CBD1 /* UITableView+registerCell.swift */ = {isa = PBXFileReference; lastKnownFileType = sourcecode.swift; path = "UITableView+registerCell.swift"; sourceTree = "<group>"; };
		AD7B51DA27EF7BD40068CBD1 /* UITableView+reuseCell.swift */ = {isa = PBXFileReference; lastKnownFileType = sourcecode.swift; path = "UITableView+reuseCell.swift"; sourceTree = "<group>"; };
		AD7B51E227F12BA90068CBD1 /* GistDetailViewModel.swift */ = {isa = PBXFileReference; lastKnownFileType = sourcecode.swift; path = GistDetailViewModel.swift; sourceTree = "<group>"; };
		AD7B51E427F12CCC0068CBD1 /* GistDetailViewModelTests.swift */ = {isa = PBXFileReference; lastKnownFileType = sourcecode.swift; path = GistDetailViewModelTests.swift; sourceTree = "<group>"; };
		AD8D26E327F25DF60093D2D9 /* GistListItemViewModelTests.swift */ = {isa = PBXFileReference; lastKnownFileType = sourcecode.swift; path = GistListItemViewModelTests.swift; sourceTree = "<group>"; };
		AD8D26E627F2652D0093D2D9 /* GistListViewModel.swift */ = {isa = PBXFileReference; lastKnownFileType = sourcecode.swift; path = GistListViewModel.swift; sourceTree = "<group>"; };
		AD8D26E827F266250093D2D9 /* Observable.swift */ = {isa = PBXFileReference; lastKnownFileType = sourcecode.swift; path = Observable.swift; sourceTree = "<group>"; };
		AD8D26EA27F27CD50093D2D9 /* GistListRoute.swift */ = {isa = PBXFileReference; lastKnownFileType = sourcecode.swift; path = GistListRoute.swift; sourceTree = "<group>"; };
		AD8D26EC27F281450093D2D9 /* GistListViewModelTests.swift */ = {isa = PBXFileReference; lastKnownFileType = sourcecode.swift; path = GistListViewModelTests.swift; sourceTree = "<group>"; };
		AD8D26EE27F29D6C0093D2D9 /* AppNavigator.swift */ = {isa = PBXFileReference; lastKnownFileType = sourcecode.swift; path = AppNavigator.swift; sourceTree = "<group>"; };
		ADCBB57B27F504AE0054DB9B /* UIColor+light+dark.swift */ = {isa = PBXFileReference; lastKnownFileType = sourcecode.swift; path = "UIColor+light+dark.swift"; sourceTree = "<group>"; };
		ADDF77DE27E2A6C1009CEA46 /* UIImageView+loadImage.swift */ = {isa = PBXFileReference; lastKnownFileType = sourcecode.swift; path = "UIImageView+loadImage.swift"; sourceTree = "<group>"; };
		ADDF77E627E2C4C0009CEA46 /* AppTheme.swift */ = {isa = PBXFileReference; lastKnownFileType = sourcecode.swift; path = AppTheme.swift; sourceTree = "<group>"; };
		ADF0278427F137E400723A36 /* GistListItemViewModel.swift */ = {isa = PBXFileReference; lastKnownFileType = sourcecode.swift; path = GistListItemViewModel.swift; sourceTree = "<group>"; };
/* End PBXFileReference section */

/* Begin PBXFrameworksBuildPhase section */
		23ADDDFE219B89E90012635A /* Frameworks */ = {
			isa = PBXFrameworksBuildPhase;
			buildActionMask = 2147483647;
			files = (
				AD982F7227E002F700B5CB3A /* RealmSwift in Frameworks */,
				AD982F6927E001B900B5CB3A /* Kingfisher in Frameworks */,
			);
			runOnlyForDeploymentPostprocessing = 0;
		};
		AD3E751227E91C4600B6D383 /* Frameworks */ = {
			isa = PBXFrameworksBuildPhase;
			buildActionMask = 2147483647;
			files = (
			);
			runOnlyForDeploymentPostprocessing = 0;
		};
/* End PBXFrameworksBuildPhase section */

/* Begin PBXGroup section */
		23249CDB219CE5630088DBA7 /* Extensions */ = {
			isa = PBXGroup;
			children = (
				2362A42021A393BB00B6C383 /* UIColor+hex.swift */,
				ADCBB57B27F504AE0054DB9B /* UIColor+light+dark.swift */,
				ADDF77DE27E2A6C1009CEA46 /* UIImageView+loadImage.swift */,
				AD7B51D827EF7BAD0068CBD1 /* UITableView+registerCell.swift */,
				AD7B51DA27EF7BD40068CBD1 /* UITableView+reuseCell.swift */,
			);
			path = Extensions;
			sourceTree = "<group>";
		};
		23249CE6219D09720088DBA7 /* GistDetail */ = {
			isa = PBXGroup;
			children = (
				AD7B51E127F12B950068CBD1 /* ViewModel */,
				AD7B51E027F12B910068CBD1 /* View */,
			);
			path = GistDetail;
			sourceTree = "<group>";
		};
		23249CE7219D099E0088DBA7 /* GistList */ = {
			isa = PBXGroup;
			children = (
				ADF0278327F137CE00723A36 /* Navigator */,
				ADF0278227F1355F00723A36 /* ViewModel */,
				ADF0278127F1355300723A36 /* View */,
			);
			path = GistList;
			sourceTree = "<group>";
		};
		2362A41B21A3816300B6C383 /* Views */ = {
			isa = PBXGroup;
			children = (
				2362A41E21A381AD00B6C383 /* LoadingView.swift */,
				2355C5C621A4C7F000DB0E72 /* NotificationMessageView.swift */,
			);
			path = Views;
			sourceTree = "<group>";
		};
		23ADDDF8219B89E90012635A = {
			isa = PBXGroup;
			children = (
				23ADDE03219B89E90012635A /* GistClient */,
				AD3E751627E91C4600B6D383 /* GistClientTests */,
				23ADDE02219B89E90012635A /* Products */,
			);
			sourceTree = "<group>";
		};
		23ADDE02219B89E90012635A /* Products */ = {
			isa = PBXGroup;
			children = (
				23ADDE01219B89E90012635A /* GistClient.app */,
				AD3E751527E91C4600B6D383 /* GistClientTests.xctest */,
			);
			name = Products;
			sourceTree = "<group>";
		};
		23ADDE03219B89E90012635A /* GistClient */ = {
			isa = PBXGroup;
			children = (
				ADDF77E127E2B3CE009CEA46 /* Application */,
				ADDF77EF27E2C98A009CEA46 /* Infrastructure */,
				ADDF77E527E2C2EC009CEA46 /* Data */,
				ADDF77E427E2C26F009CEA46 /* Domain */,
				ADDF77E327E2C252009CEA46 /* Presentation */,
				ADDF77E027E2B2BD009CEA46 /* Resources */,
			);
			path = GistClient;
			sourceTree = "<group>";
		};
		AD3E751627E91C4600B6D383 /* GistClientTests */ = {
			isa = PBXGroup;
			children = (
				AD7B51DC27EF80BD0068CBD1 /* Presentation */,
				AD3E752127E91D2100B6D383 /* Domain */,
			);
			path = GistClientTests;
			sourceTree = "<group>";
		};
		AD3E752127E91D2100B6D383 /* Domain */ = {
			isa = PBXGroup;
			children = (
				AD3E752227E91D5400B6D383 /* Mocks */,
				AD3E751F27E91C9800B6D383 /* GetGistsUseCaseTests.swift */,
			);
			path = Domain;
			sourceTree = "<group>";
		};
		AD3E752227E91D5400B6D383 /* Mocks */ = {
			isa = PBXGroup;
			children = (
				AD3E752327E91D6900B6D383 /* MockGistsRepository.swift */,
			);
			path = Mocks;
			sourceTree = "<group>";
		};
		AD3E752527E940F900B6D383 /* Network */ = {
			isa = PBXGroup;
			children = (
				AD3E752F27E95E7E00B6D383 /* GistNetwork.swift */,
				AD3E752727E9515400B6D383 /* DTOs */,
			);
			path = Network;
			sourceTree = "<group>";
		};
		AD3E752627E9410000B6D383 /* Database */ = {
			isa = PBXGroup;
			children = (
				AD3E753127E95E9200B6D383 /* GistDatabase.swift */,
				AD56BFD227EAAD7E00CECECB /* Realm */,
			);
			path = Database;
			sourceTree = "<group>";
		};
		AD3E752727E9515400B6D383 /* DTOs */ = {
			isa = PBXGroup;
			children = (
				AD56BFBA27EA952C00CECECB /* GistDTO.swift */,
				AD56BFBC27EA967300CECECB /* UserDTO.swift */,
				AD56BFBE27EA972E00CECECB /* FileDTO.swift */,
			);
			path = DTOs;
			sourceTree = "<group>";
		};
		AD3E752E27E95E3300B6D383 /* Entities */ = {
			isa = PBXGroup;
			children = (
				AD3E752827E9516600B6D383 /* GistEntity.swift */,
				AD3E752A27E9517100B6D383 /* UserEntity.swift */,
				AD3E752C27E9518100B6D383 /* FileEntiy.swift */,
			);
			path = Entities;
			sourceTree = "<group>";
		};
		AD3E753327E95EEF00B6D383 /* Network */ = {
			isa = PBXGroup;
			children = (
				AD3E753A27E962CA00B6D383 /* Endpoint.swift */,
				AD3E753C27E9654C00B6D383 /* NetworkService.swift */,
			);
			path = Network;
			sourceTree = "<group>";
		};
		AD3E753427E95EF400B6D383 /* Database */ = {
			isa = PBXGroup;
			children = (
				AD3E753527E95F0C00B6D383 /* DatabaseMigration.swift */,
				AD3E753727E95F2C00B6D383 /* Realm */,
			);
			path = Database;
			sourceTree = "<group>";
		};
		AD3E753727E95F2C00B6D383 /* Realm */ = {
			isa = PBXGroup;
			children = (
				AD3E753827E95F4300B6D383 /* RealmDatabaseMigration.swift */,
			);
			path = Realm;
			sourceTree = "<group>";
		};
		AD53E51C27F3D3040002A7BB /* Mocks */ = {
			isa = PBXGroup;
			children = (
				AD53E51D27F3D3B20002A7BB /* MockGetGistsUseCase.swift */,
			);
			path = Mocks;
			sourceTree = "<group>";
		};
		AD56BFD227EAAD7E00CECECB /* Realm */ = {
			isa = PBXGroup;
			children = (
				AD56BFD327EAB53000CECECB /* RealmGistDatabase.swift */,
				AD3E752E27E95E3300B6D383 /* Entities */,
			);
			path = Realm;
			sourceTree = "<group>";
		};
		AD7B51DC27EF80BD0068CBD1 /* Presentation */ = {
			isa = PBXGroup;
			children = (
				AD53E51C27F3D3040002A7BB /* Mocks */,
				AD8D26E227F25DE80093D2D9 /* GistList */,
				AD7B51DD27EF80D60068CBD1 /* GistDetail */,
			);
			path = Presentation;
			sourceTree = "<group>";
		};
		AD7B51DD27EF80D60068CBD1 /* GistDetail */ = {
			isa = PBXGroup;
			children = (
				AD7B51E427F12CCC0068CBD1 /* GistDetailViewModelTests.swift */,
			);
			path = GistDetail;
			sourceTree = "<group>";
		};
		AD7B51E027F12B910068CBD1 /* View */ = {
			isa = PBXGroup;
			children = (
				23249CCE219CE0620088DBA7 /* GistDetailViewController.swift */,
			);
			path = View;
			sourceTree = "<group>";
		};
		AD7B51E127F12B950068CBD1 /* ViewModel */ = {
			isa = PBXGroup;
			children = (
				AD7B51E227F12BA90068CBD1 /* GistDetailViewModel.swift */,
			);
			path = ViewModel;
			sourceTree = "<group>";
		};
		AD8D26E227F25DE80093D2D9 /* GistList */ = {
			isa = PBXGroup;
			children = (
				AD8D26EC27F281450093D2D9 /* GistListViewModelTests.swift */,
				AD8D26E327F25DF60093D2D9 /* GistListItemViewModelTests.swift */,
			);
			path = GistList;
			sourceTree = "<group>";
		};
		ADDF77E027E2B2BD009CEA46 /* Resources */ = {
			isa = PBXGroup;
			children = (
				23ADDE0D219B89F20012635A /* LaunchScreen.storyboard */,
				23ADDE10219B89F20012635A /* Info.plist */,
			);
			path = Resources;
			sourceTree = "<group>";
		};
		ADDF77E127E2B3CE009CEA46 /* Application */ = {
			isa = PBXGroup;
			children = (
				23ADDE04219B89E90012635A /* AppDelegate.swift */,
				AD8D26EE27F29D6C0093D2D9 /* AppNavigator.swift */,
				ADDF77E627E2C4C0009CEA46 /* AppTheme.swift */,
				AD17CDF227E412B200E0D092 /* AppTheme+Color.swift */,
				AD17CDF427E412BE00E0D092 /* AppTheme+Font.swift */,
			);
			path = Application;
			sourceTree = "<group>";
		};
		ADDF77E327E2C252009CEA46 /* Presentation */ = {
			isa = PBXGroup;
			children = (
				23249CE7219D099E0088DBA7 /* GistList */,
				23249CE6219D09720088DBA7 /* GistDetail */,
				ADDF77ED27E2C878009CEA46 /* Common */,
			);
			path = Presentation;
			sourceTree = "<group>";
		};
		ADDF77E427E2C26F009CEA46 /* Domain */ = {
			isa = PBXGroup;
			children = (
				ADDF77E827E2C52A009CEA46 /* Entities */,
				ADDF77EA27E2C635009CEA46 /* UseCases */,
				ADDF77E927E2C558009CEA46 /* RepositoryAdapters */,
			);
			path = Domain;
			sourceTree = "<group>";
		};
		ADDF77E527E2C2EC009CEA46 /* Data */ = {
			isa = PBXGroup;
			children = (
				ADDF77EB27E2C6B0009CEA46 /* GistRepository */,
			);
			path = Data;
			sourceTree = "<group>";
		};
		ADDF77E827E2C52A009CEA46 /* Entities */ = {
			isa = PBXGroup;
			children = (
				23249CDC219CEBBA0088DBA7 /* Gist.swift */,
				23249CE0219CF9BB0088DBA7 /* User.swift */,
				2362A41121A1DE4F00B6C383 /* File.swift */,
			);
			path = Entities;
			sourceTree = "<group>";
		};
		ADDF77E927E2C558009CEA46 /* RepositoryAdapters */ = {
			isa = PBXGroup;
			children = (
				AD3E750F27E9198B00B6D383 /* GistsRepositoryAdapter.swift */,
			);
			path = RepositoryAdapters;
			sourceTree = "<group>";
		};
		ADDF77EA27E2C635009CEA46 /* UseCases */ = {
			isa = PBXGroup;
			children = (
				AD3E750D27E9191800B6D383 /* GetGistsUseCase.swift */,
			);
			path = UseCases;
			sourceTree = "<group>";
		};
		ADDF77EB27E2C6B0009CEA46 /* GistRepository */ = {
			isa = PBXGroup;
			children = (
				238AA13821A61ECA00F55D84 /* GistRepository.swift */,
				AD3E752627E9410000B6D383 /* Database */,
				AD3E752527E940F900B6D383 /* Network */,
			);
			path = GistRepository;
			sourceTree = "<group>";
		};
		ADDF77ED27E2C878009CEA46 /* Common */ = {
			isa = PBXGroup;
			children = (
				AD7B51D627EF7B8C0068CBD1 /* ReuseIdentifiable.swift */,
				AD8D26E827F266250093D2D9 /* Observable.swift */,
				2362A41B21A3816300B6C383 /* Views */,
				23249CDB219CE5630088DBA7 /* Extensions */,
			);
			path = Common;
			sourceTree = "<group>";
		};
		ADDF77EF27E2C98A009CEA46 /* Infrastructure */ = {
			isa = PBXGroup;
			children = (
				AD3E753327E95EEF00B6D383 /* Network */,
				AD3E753427E95EF400B6D383 /* Database */,
			);
			path = Infrastructure;
			sourceTree = "<group>";
		};
		ADF0278127F1355300723A36 /* View */ = {
			isa = PBXGroup;
			children = (
				23B3D30E219E31B100A37367 /* GistListView.swift */,
				23ADDE06219B89E90012635A /* GistListViewController.swift */,
				2362A41921A375D900B6C383 /* GistListViewController+UITableViewDelegate.swift */,
				23B3D310219E3B1A00A37367 /* GistListTableViewDataSource.swift */,
				ADF0278627F13CD000723A36 /* GistListItem */,
			);
			path = View;
			sourceTree = "<group>";
		};
		ADF0278227F1355F00723A36 /* ViewModel */ = {
			isa = PBXGroup;
			children = (
				AD8D26E627F2652D0093D2D9 /* GistListViewModel.swift */,
				ADF0278427F137E400723A36 /* GistListItemViewModel.swift */,
			);
			path = ViewModel;
			sourceTree = "<group>";
		};
		ADF0278327F137CE00723A36 /* Navigator */ = {
			isa = PBXGroup;
			children = (
				2362A41721A3737300B6C383 /* GistListNavigator.swift */,
				AD8D26EA27F27CD50093D2D9 /* GistListRoute.swift */,
			);
			path = Navigator;
			sourceTree = "<group>";
		};
		ADF0278627F13CD000723A36 /* GistListItem */ = {
			isa = PBXGroup;
			children = (
				23D5C065219F51D300574650 /* GistListItemCell.swift */,
			);
			path = GistListItem;
			sourceTree = "<group>";
		};
/* End PBXGroup section */

/* Begin PBXNativeTarget section */
		23ADDE00219B89E90012635A /* GistClient */ = {
			isa = PBXNativeTarget;
			buildConfigurationList = 23ADDE13219B89F20012635A /* Build configuration list for PBXNativeTarget "GistClient" */;
			buildPhases = (
				23ADDDFD219B89E90012635A /* Sources */,
				23ADDDFE219B89E90012635A /* Frameworks */,
				23ADDDFF219B89E90012635A /* Resources */,
			);
			buildRules = (
			);
			dependencies = (
			);
			name = GistClient;
			packageProductDependencies = (
				AD982F6827E001B900B5CB3A /* Kingfisher */,
				AD982F7127E002F700B5CB3A /* RealmSwift */,
			);
			productName = GistClient;
			productReference = 23ADDE01219B89E90012635A /* GistClient.app */;
			productType = "com.apple.product-type.application";
		};
		AD3E751427E91C4600B6D383 /* GistClientTests */ = {
			isa = PBXNativeTarget;
			buildConfigurationList = AD3E751B27E91C4600B6D383 /* Build configuration list for PBXNativeTarget "GistClientTests" */;
			buildPhases = (
				AD3E751127E91C4600B6D383 /* Sources */,
				AD3E751227E91C4600B6D383 /* Frameworks */,
				AD3E751327E91C4600B6D383 /* Resources */,
			);
			buildRules = (
			);
			dependencies = (
				AD3E751A27E91C4600B6D383 /* PBXTargetDependency */,
			);
			name = GistClientTests;
			productName = GistClientTests;
			productReference = AD3E751527E91C4600B6D383 /* GistClientTests.xctest */;
			productType = "com.apple.product-type.bundle.unit-test";
		};
/* End PBXNativeTarget section */

/* Begin PBXProject section */
		23ADDDF9219B89E90012635A /* Project object */ = {
			isa = PBXProject;
			attributes = {
				LastSwiftUpdateCheck = 1320;
				LastUpgradeCheck = 1320;
				ORGANIZATIONNAME = "nuno-vieira";
				TargetAttributes = {
					23ADDE00219B89E90012635A = {
						CreatedOnToolsVersion = 9.4.1;
						LastSwiftMigration = 1320;
					};
					AD3E751427E91C4600B6D383 = {
						CreatedOnToolsVersion = 13.2.1;
						LastSwiftMigration = 1320;
						TestTargetID = 23ADDE00219B89E90012635A;
					};
				};
			};
			buildConfigurationList = 23ADDDFC219B89E90012635A /* Build configuration list for PBXProject "GistClient" */;
			compatibilityVersion = "Xcode 9.3";
			developmentRegion = en;
			hasScannedForEncodings = 0;
			knownRegions = (
				en,
				Base,
			);
			mainGroup = 23ADDDF8219B89E90012635A;
			packageReferences = (
				AD982F6727E001B900B5CB3A /* XCRemoteSwiftPackageReference "Kingfisher" */,
				AD982F7027E002F700B5CB3A /* XCRemoteSwiftPackageReference "realm-swift" */,
			);
			productRefGroup = 23ADDE02219B89E90012635A /* Products */;
			projectDirPath = "";
			projectRoot = "";
			targets = (
				23ADDE00219B89E90012635A /* GistClient */,
				AD3E751427E91C4600B6D383 /* GistClientTests */,
			);
		};
/* End PBXProject section */

/* Begin PBXResourcesBuildPhase section */
		23ADDDFF219B89E90012635A /* Resources */ = {
			isa = PBXResourcesBuildPhase;
			buildActionMask = 2147483647;
			files = (
				23ADDE0F219B89F20012635A /* LaunchScreen.storyboard in Resources */,
			);
			runOnlyForDeploymentPostprocessing = 0;
		};
		AD3E751327E91C4600B6D383 /* Resources */ = {
			isa = PBXResourcesBuildPhase;
			buildActionMask = 2147483647;
			files = (
			);
			runOnlyForDeploymentPostprocessing = 0;
		};
/* End PBXResourcesBuildPhase section */

/* Begin PBXSourcesBuildPhase section */
		23ADDDFD219B89E90012635A /* Sources */ = {
			isa = PBXSourcesBuildPhase;
			buildActionMask = 2147483647;
			files = (
				AD7B51D927EF7BAD0068CBD1 /* UITableView+registerCell.swift in Sources */,
				238AA13921A61ECA00F55D84 /* GistRepository.swift in Sources */,
				AD56BFBB27EA952C00CECECB /* GistDTO.swift in Sources */,
				2362A41A21A375D900B6C383 /* GistListViewController+UITableViewDelegate.swift in Sources */,
				23249CDD219CEBBA0088DBA7 /* Gist.swift in Sources */,
				2362A41F21A381AD00B6C383 /* LoadingView.swift in Sources */,
				AD3E753227E95E9200B6D383 /* GistDatabase.swift in Sources */,
				2362A42121A393BB00B6C383 /* UIColor+hex.swift in Sources */,
				AD3E753B27E962CA00B6D383 /* Endpoint.swift in Sources */,
				AD56BFBF27EA972E00CECECB /* FileDTO.swift in Sources */,
				AD8D26E927F266250093D2D9 /* Observable.swift in Sources */,
				ADDF77DF27E2A6C1009CEA46 /* UIImageView+loadImage.swift in Sources */,
				2355C5C721A4C7F000DB0E72 /* NotificationMessageView.swift in Sources */,
				AD3E753D27E9654C00B6D383 /* NetworkService.swift in Sources */,
				23D5C066219F51D300574650 /* GistListItemCell.swift in Sources */,
				AD3E750E27E9191800B6D383 /* GetGistsUseCase.swift in Sources */,
				AD7B51E327F12BA90068CBD1 /* GistDetailViewModel.swift in Sources */,
				23249CCF219CE0620088DBA7 /* GistDetailViewController.swift in Sources */,
				23B3D311219E3B1A00A37367 /* GistListTableViewDataSource.swift in Sources */,
				AD3E753927E95F4300B6D383 /* RealmDatabaseMigration.swift in Sources */,
				AD3E753627E95F0C00B6D383 /* DatabaseMigration.swift in Sources */,
				AD3E753027E95E7E00B6D383 /* GistNetwork.swift in Sources */,
				2362A41821A3737300B6C383 /* GistListNavigator.swift in Sources */,
				AD3E752B27E9517100B6D383 /* UserEntity.swift in Sources */,
				AD8D26E727F2652D0093D2D9 /* GistListViewModel.swift in Sources */,
				ADCBB57C27F504AE0054DB9B /* UIColor+light+dark.swift in Sources */,
				AD8D26EB27F27CD50093D2D9 /* GistListRoute.swift in Sources */,
				AD7B51D727EF7B8C0068CBD1 /* ReuseIdentifiable.swift in Sources */,
				AD17CDF527E412BE00E0D092 /* AppTheme+Font.swift in Sources */,
				AD8D26EF27F29D6C0093D2D9 /* AppNavigator.swift in Sources */,
				AD56BFBD27EA967300CECECB /* UserDTO.swift in Sources */,
				23ADDE07219B89E90012635A /* GistListViewController.swift in Sources */,
				ADF0278527F137E400723A36 /* GistListItemViewModel.swift in Sources */,
				AD3E752D27E9518100B6D383 /* FileEntiy.swift in Sources */,
				AD3E751027E9198B00B6D383 /* GistsRepositoryAdapter.swift in Sources */,
				23ADDE05219B89E90012635A /* AppDelegate.swift in Sources */,
				23B3D30F219E31B100A37367 /* GistListView.swift in Sources */,
				2362A41221A1DE4F00B6C383 /* File.swift in Sources */,
				AD56BFD427EAB53000CECECB /* RealmGistDatabase.swift in Sources */,
				AD17CDF327E412B200E0D092 /* AppTheme+Color.swift in Sources */,
				AD7B51DB27EF7BD40068CBD1 /* UITableView+reuseCell.swift in Sources */,
				23249CE1219CF9BB0088DBA7 /* User.swift in Sources */,
				AD3E752927E9516600B6D383 /* GistEntity.swift in Sources */,
				ADDF77E727E2C4C0009CEA46 /* AppTheme.swift in Sources */,
			);
			runOnlyForDeploymentPostprocessing = 0;
		};
		AD3E751127E91C4600B6D383 /* Sources */ = {
			isa = PBXSourcesBuildPhase;
			buildActionMask = 2147483647;
			files = (
				AD3E752427E91D6900B6D383 /* MockGistsRepository.swift in Sources */,
				AD53E51E27F3D3B20002A7BB /* MockGetGistsUseCase.swift in Sources */,
				AD8D26ED27F281450093D2D9 /* GistListViewModelTests.swift in Sources */,
				AD7B51E527F12CCC0068CBD1 /* GistDetailViewModelTests.swift in Sources */,
				AD8D26E427F25DF60093D2D9 /* GistListItemViewModelTests.swift in Sources */,
			);
			runOnlyForDeploymentPostprocessing = 0;
		};
/* End PBXSourcesBuildPhase section */

/* Begin PBXTargetDependency section */
		AD3E751A27E91C4600B6D383 /* PBXTargetDependency */ = {
			isa = PBXTargetDependency;
			target = 23ADDE00219B89E90012635A /* GistClient */;
			targetProxy = AD3E751927E91C4600B6D383 /* PBXContainerItemProxy */;
		};
/* End PBXTargetDependency section */

/* Begin PBXVariantGroup section */
		23ADDE0D219B89F20012635A /* LaunchScreen.storyboard */ = {
			isa = PBXVariantGroup;
			children = (
				23ADDE0E219B89F20012635A /* Base */,
			);
			name = LaunchScreen.storyboard;
			sourceTree = "<group>";
		};
/* End PBXVariantGroup section */

/* Begin XCBuildConfiguration section */
		23ADDE11219B89F20012635A /* Debug */ = {
			isa = XCBuildConfiguration;
			buildSettings = {
				ALWAYS_SEARCH_USER_PATHS = NO;
				CLANG_ANALYZER_NONNULL = YES;
				CLANG_ANALYZER_NUMBER_OBJECT_CONVERSION = YES_AGGRESSIVE;
				CLANG_CXX_LANGUAGE_STANDARD = "gnu++14";
				CLANG_CXX_LIBRARY = "libc++";
				CLANG_ENABLE_MODULES = YES;
				CLANG_ENABLE_OBJC_ARC = YES;
				CLANG_ENABLE_OBJC_WEAK = YES;
				CLANG_WARN_BLOCK_CAPTURE_AUTORELEASING = YES;
				CLANG_WARN_BOOL_CONVERSION = YES;
				CLANG_WARN_COMMA = YES;
				CLANG_WARN_CONSTANT_CONVERSION = YES;
				CLANG_WARN_DEPRECATED_OBJC_IMPLEMENTATIONS = YES;
				CLANG_WARN_DIRECT_OBJC_ISA_USAGE = YES_ERROR;
				CLANG_WARN_DOCUMENTATION_COMMENTS = YES;
				CLANG_WARN_EMPTY_BODY = YES;
				CLANG_WARN_ENUM_CONVERSION = YES;
				CLANG_WARN_INFINITE_RECURSION = YES;
				CLANG_WARN_INT_CONVERSION = YES;
				CLANG_WARN_NON_LITERAL_NULL_CONVERSION = YES;
				CLANG_WARN_OBJC_IMPLICIT_RETAIN_SELF = YES;
				CLANG_WARN_OBJC_LITERAL_CONVERSION = YES;
				CLANG_WARN_OBJC_ROOT_CLASS = YES_ERROR;
				CLANG_WARN_QUOTED_INCLUDE_IN_FRAMEWORK_HEADER = YES;
				CLANG_WARN_RANGE_LOOP_ANALYSIS = YES;
				CLANG_WARN_STRICT_PROTOTYPES = YES;
				CLANG_WARN_SUSPICIOUS_MOVE = YES;
				CLANG_WARN_UNGUARDED_AVAILABILITY = YES_AGGRESSIVE;
				CLANG_WARN_UNREACHABLE_CODE = YES;
				CLANG_WARN__DUPLICATE_METHOD_MATCH = YES;
				CODE_SIGN_IDENTITY = "iPhone Developer";
				COPY_PHASE_STRIP = NO;
				DEBUG_INFORMATION_FORMAT = dwarf;
				ENABLE_STRICT_OBJC_MSGSEND = YES;
				ENABLE_TESTABILITY = YES;
				GCC_C_LANGUAGE_STANDARD = gnu11;
				GCC_DYNAMIC_NO_PIC = NO;
				GCC_NO_COMMON_BLOCKS = YES;
				GCC_OPTIMIZATION_LEVEL = 0;
				GCC_PREPROCESSOR_DEFINITIONS = (
					"DEBUG=1",
					"$(inherited)",
				);
				GCC_WARN_64_TO_32_BIT_CONVERSION = YES;
				GCC_WARN_ABOUT_RETURN_TYPE = YES_ERROR;
				GCC_WARN_UNDECLARED_SELECTOR = YES;
				GCC_WARN_UNINITIALIZED_AUTOS = YES_AGGRESSIVE;
				GCC_WARN_UNUSED_FUNCTION = YES;
				GCC_WARN_UNUSED_VARIABLE = YES;
				IPHONEOS_DEPLOYMENT_TARGET = 14.0;
				MTL_ENABLE_DEBUG_INFO = YES;
				ONLY_ACTIVE_ARCH = YES;
				SDKROOT = iphoneos;
				SWIFT_ACTIVE_COMPILATION_CONDITIONS = DEBUG;
				SWIFT_OPTIMIZATION_LEVEL = "-Onone";
			};
			name = Debug;
		};
		23ADDE12219B89F20012635A /* Release */ = {
			isa = XCBuildConfiguration;
			buildSettings = {
				ALWAYS_SEARCH_USER_PATHS = NO;
				CLANG_ANALYZER_NONNULL = YES;
				CLANG_ANALYZER_NUMBER_OBJECT_CONVERSION = YES_AGGRESSIVE;
				CLANG_CXX_LANGUAGE_STANDARD = "gnu++14";
				CLANG_CXX_LIBRARY = "libc++";
				CLANG_ENABLE_MODULES = YES;
				CLANG_ENABLE_OBJC_ARC = YES;
				CLANG_ENABLE_OBJC_WEAK = YES;
				CLANG_WARN_BLOCK_CAPTURE_AUTORELEASING = YES;
				CLANG_WARN_BOOL_CONVERSION = YES;
				CLANG_WARN_COMMA = YES;
				CLANG_WARN_CONSTANT_CONVERSION = YES;
				CLANG_WARN_DEPRECATED_OBJC_IMPLEMENTATIONS = YES;
				CLANG_WARN_DIRECT_OBJC_ISA_USAGE = YES_ERROR;
				CLANG_WARN_DOCUMENTATION_COMMENTS = YES;
				CLANG_WARN_EMPTY_BODY = YES;
				CLANG_WARN_ENUM_CONVERSION = YES;
				CLANG_WARN_INFINITE_RECURSION = YES;
				CLANG_WARN_INT_CONVERSION = YES;
				CLANG_WARN_NON_LITERAL_NULL_CONVERSION = YES;
				CLANG_WARN_OBJC_IMPLICIT_RETAIN_SELF = YES;
				CLANG_WARN_OBJC_LITERAL_CONVERSION = YES;
				CLANG_WARN_OBJC_ROOT_CLASS = YES_ERROR;
				CLANG_WARN_QUOTED_INCLUDE_IN_FRAMEWORK_HEADER = YES;
				CLANG_WARN_RANGE_LOOP_ANALYSIS = YES;
				CLANG_WARN_STRICT_PROTOTYPES = YES;
				CLANG_WARN_SUSPICIOUS_MOVE = YES;
				CLANG_WARN_UNGUARDED_AVAILABILITY = YES_AGGRESSIVE;
				CLANG_WARN_UNREACHABLE_CODE = YES;
				CLANG_WARN__DUPLICATE_METHOD_MATCH = YES;
				CODE_SIGN_IDENTITY = "iPhone Developer";
				COPY_PHASE_STRIP = NO;
				DEBUG_INFORMATION_FORMAT = "dwarf-with-dsym";
				ENABLE_NS_ASSERTIONS = NO;
				ENABLE_STRICT_OBJC_MSGSEND = YES;
				GCC_C_LANGUAGE_STANDARD = gnu11;
				GCC_NO_COMMON_BLOCKS = YES;
				GCC_WARN_64_TO_32_BIT_CONVERSION = YES;
				GCC_WARN_ABOUT_RETURN_TYPE = YES_ERROR;
				GCC_WARN_UNDECLARED_SELECTOR = YES;
				GCC_WARN_UNINITIALIZED_AUTOS = YES_AGGRESSIVE;
				GCC_WARN_UNUSED_FUNCTION = YES;
				GCC_WARN_UNUSED_VARIABLE = YES;
				IPHONEOS_DEPLOYMENT_TARGET = 14.0;
				MTL_ENABLE_DEBUG_INFO = NO;
				SDKROOT = iphoneos;
				SWIFT_COMPILATION_MODE = wholemodule;
				SWIFT_OPTIMIZATION_LEVEL = "-O";
				VALIDATE_PRODUCT = YES;
			};
			name = Release;
		};
		23ADDE14219B89F20012635A /* Debug */ = {
			isa = XCBuildConfiguration;
			buildSettings = {
				ASSETCATALOG_COMPILER_APPICON_NAME = AppIcon;
				CODE_SIGN_STYLE = Automatic;
				DEVELOPMENT_TEAM = YTPG3599NE;
				INFOPLIST_FILE = GistClient/Resources/Info.plist;
				LD_RUNPATH_SEARCH_PATHS = (
					"$(inherited)",
					"@executable_path/Frameworks",
				);
				PRODUCT_BUNDLE_IDENTIFIER = "com.nuno-vieira.gist";
				PRODUCT_NAME = "$(TARGET_NAME)";
				SWIFT_VERSION = 5.0;
				TARGETED_DEVICE_FAMILY = "1,2";
			};
			name = Debug;
		};
		23ADDE15219B89F20012635A /* Release */ = {
			isa = XCBuildConfiguration;
			buildSettings = {
				ASSETCATALOG_COMPILER_APPICON_NAME = AppIcon;
				CODE_SIGN_STYLE = Automatic;
				DEVELOPMENT_TEAM = YTPG3599NE;
				INFOPLIST_FILE = GistClient/Resources/Info.plist;
				LD_RUNPATH_SEARCH_PATHS = (
					"$(inherited)",
					"@executable_path/Frameworks",
				);
				PRODUCT_BUNDLE_IDENTIFIER = "com.nuno-vieira.gist";
				PRODUCT_NAME = "$(TARGET_NAME)";
				SWIFT_VERSION = 5.0;
				TARGETED_DEVICE_FAMILY = "1,2";
			};
			name = Release;
		};
		AD3E751C27E91C4600B6D383 /* Debug */ = {
			isa = XCBuildConfiguration;
			buildSettings = {
				BUNDLE_LOADER = "$(TEST_HOST)";
				CLANG_CXX_LANGUAGE_STANDARD = "gnu++17";
				CLANG_ENABLE_MODULES = YES;
				CODE_SIGN_STYLE = Automatic;
				CURRENT_PROJECT_VERSION = 1;
				DEVELOPMENT_TEAM = YTPG3599NE;
				GENERATE_INFOPLIST_FILE = YES;
				IPHONEOS_DEPLOYMENT_TARGET = 15.2;
				LD_RUNPATH_SEARCH_PATHS = (
					"$(inherited)",
					"@executable_path/Frameworks",
					"@loader_path/Frameworks",
				);
				MARKETING_VERSION = 1.0;
				MTL_ENABLE_DEBUG_INFO = INCLUDE_SOURCE;
				MTL_FAST_MATH = YES;
				PRODUCT_BUNDLE_IDENTIFIER = com.nunovieira.GistClientTests;
				PRODUCT_NAME = "$(TARGET_NAME)";
				SWIFT_EMIT_LOC_STRINGS = NO;
				SWIFT_OPTIMIZATION_LEVEL = "-Onone";
				SWIFT_VERSION = 5.0;
				TARGETED_DEVICE_FAMILY = "1,2";
				TEST_HOST = "$(BUILT_PRODUCTS_DIR)/GistClient.app/GistClient";
			};
			name = Debug;
		};
		AD3E751D27E91C4600B6D383 /* Release */ = {
			isa = XCBuildConfiguration;
			buildSettings = {
				BUNDLE_LOADER = "$(TEST_HOST)";
				CLANG_CXX_LANGUAGE_STANDARD = "gnu++17";
				CLANG_ENABLE_MODULES = YES;
				CODE_SIGN_STYLE = Automatic;
				CURRENT_PROJECT_VERSION = 1;
				DEVELOPMENT_TEAM = YTPG3599NE;
				GENERATE_INFOPLIST_FILE = YES;
				IPHONEOS_DEPLOYMENT_TARGET = 15.2;
				LD_RUNPATH_SEARCH_PATHS = (
					"$(inherited)",
					"@executable_path/Frameworks",
					"@loader_path/Frameworks",
				);
				MARKETING_VERSION = 1.0;
				MTL_FAST_MATH = YES;
				PRODUCT_BUNDLE_IDENTIFIER = com.nunovieira.GistClientTests;
				PRODUCT_NAME = "$(TARGET_NAME)";
				SWIFT_EMIT_LOC_STRINGS = NO;
				SWIFT_VERSION = 5.0;
				TARGETED_DEVICE_FAMILY = "1,2";
				TEST_HOST = "$(BUILT_PRODUCTS_DIR)/GistClient.app/GistClient";
			};
			name = Release;
		};
/* End XCBuildConfiguration section */

/* Begin XCConfigurationList section */
		23ADDDFC219B89E90012635A /* Build configuration list for PBXProject "GistClient" */ = {
			isa = XCConfigurationList;
			buildConfigurations = (
				23ADDE11219B89F20012635A /* Debug */,
				23ADDE12219B89F20012635A /* Release */,
			);
			defaultConfigurationIsVisible = 0;
			defaultConfigurationName = Release;
		};
		23ADDE13219B89F20012635A /* Build configuration list for PBXNativeTarget "GistClient" */ = {
			isa = XCConfigurationList;
			buildConfigurations = (
				23ADDE14219B89F20012635A /* Debug */,
				23ADDE15219B89F20012635A /* Release */,
			);
			defaultConfigurationIsVisible = 0;
			defaultConfigurationName = Release;
		};
		AD3E751B27E91C4600B6D383 /* Build configuration list for PBXNativeTarget "GistClientTests" */ = {
			isa = XCConfigurationList;
			buildConfigurations = (
				AD3E751C27E91C4600B6D383 /* Debug */,
				AD3E751D27E91C4600B6D383 /* Release */,
			);
			defaultConfigurationIsVisible = 0;
			defaultConfigurationName = Release;
		};
/* End XCConfigurationList section */

/* Begin XCRemoteSwiftPackageReference section */
		AD982F6727E001B900B5CB3A /* XCRemoteSwiftPackageReference "Kingfisher" */ = {
			isa = XCRemoteSwiftPackageReference;
			repositoryURL = "https://github.com/onevcat/Kingfisher.git";
			requirement = {
				kind = upToNextMajorVersion;
				minimumVersion = 7.0.0;
			};
		};
		AD982F7027E002F700B5CB3A /* XCRemoteSwiftPackageReference "realm-swift" */ = {
			isa = XCRemoteSwiftPackageReference;
			repositoryURL = "https://github.com/realm/realm-swift.git";
			requirement = {
				branch = master;
				kind = branch;
			};
		};
/* End XCRemoteSwiftPackageReference section */

/* Begin XCSwiftPackageProductDependency section */
		AD982F6827E001B900B5CB3A /* Kingfisher */ = {
			isa = XCSwiftPackageProductDependency;
			package = AD982F6727E001B900B5CB3A /* XCRemoteSwiftPackageReference "Kingfisher" */;
			productName = Kingfisher;
		};
		AD982F7127E002F700B5CB3A /* RealmSwift */ = {
			isa = XCSwiftPackageProductDependency;
			package = AD982F7027E002F700B5CB3A /* XCRemoteSwiftPackageReference "realm-swift" */;
			productName = RealmSwift;
		};
/* End XCSwiftPackageProductDependency section */
	};
	rootObject = 23ADDDF9219B89E90012635A /* Project object */;
}
